{
  "version": "4",
  "specifiers": {
    "jsr:@std/assert@1": "1.0.9",
    "jsr:@std/cli@*": "1.0.6",
    "jsr:@std/internal@^1.0.5": "1.0.5",
    "npm:@cxai/stream@1.0.4": "1.0.4"
  },
  "jsr": {
    "@std/assert@1.0.9": {
      "integrity": "a9f0c611a869cc791b26f523eec54c7e187aab7932c2c8e8bea0622d13680dcd",
      "dependencies": [
        "jsr:@std/internal"
      ]
    },
    "@std/cli@1.0.6": {
      "integrity": "d22d8b38c66c666d7ad1f2a66c5b122da1704f985d3c47f01129f05abb6c5d3d"
    },
    "@std/internal@1.0.5": {
      "integrity": "54a546004f769c1ac9e025abd15a76b6671ddc9687e2313b67376125650dc7ba"
    }
  },
  "npm": {
    "@cxai/stream@1.0.4": {
      "integrity": "sha512-MXzH5EwW/XFTHPwwF+qA/ddO7x8Xdvqef3hnC4xZZ+/QpJwHaqYrYZIaEZOQen0OO9DueEbZvIOvy+UQWr7okA=="
    }
  },
  "redirects": {
    "https://esm.sh/@ai-sdk/azure": "https://esm.sh/@ai-sdk/azure@1.0.10",
    "https://esm.sh/@ai-sdk/openai": "https://esm.sh/@ai-sdk/openai@1.0.8",
    "https://esm.sh/@cxai/stream": "https://esm.sh/@cxai/stream@1.0.1",
    "https://esm.sh/@cxai/stream/iterator": "https://esm.sh/@cxai/stream@1.0.4/iterator",
    "https://esm.sh/@cxai/stream/ui": "https://esm.sh/@cxai/stream@1.0.2/ui",
    "https://esm.sh/@cxai/stream/xstate": "https://esm.sh/@cxai/stream@1.0.4/xstate",
    "https://esm.sh/@cxai/stream/yjs": "https://esm.sh/@cxai/stream@1.0.4/yjs",
    "https://esm.sh/@cxai/stream@latest": "https://esm.sh/@cxai/stream@1.0.4",
    "https://esm.sh/@cxai/stream@latest/ui": "https://esm.sh/@cxai/stream@1.0.4/ui",
    "https://esm.sh/@hocuspocus/provider": "https://esm.sh/@hocuspocus/provider@2.15.0",
    "https://esm.sh/@y-sweet/client": "https://esm.sh/@y-sweet/client@0.6.4",
    "https://esm.sh/@y-sweet/sdk": "https://esm.sh/@y-sweet/sdk@0.6.4",
    "https://esm.sh/ai": "https://esm.sh/ai@4.0.18",
    "https://esm.sh/atomico": "https://esm.sh/atomico@1.79.2",
    "https://esm.sh/atomico/ssr/load": "https://esm.sh/atomico@1.79.2/ssr/load",
    "https://esm.sh/atomico@latest": "https://esm.sh/atomico@1.79.2",
    "https://esm.sh/it-pushable@^3.2.3": "https://esm.sh/it-pushable@3.2.3",
    "https://esm.sh/lib0@^0.2.99/array?target=denonext": "https://esm.sh/lib0@0.2.99/array?target=denonext",
    "https://esm.sh/lib0@^0.2.99/binary?target=denonext": "https://esm.sh/lib0@0.2.99/binary?target=denonext",
    "https://esm.sh/lib0@^0.2.99/buffer?target=denonext": "https://esm.sh/lib0@0.2.99/buffer?target=denonext",
    "https://esm.sh/lib0@^0.2.99/decoding?target=denonext": "https://esm.sh/lib0@0.2.99/decoding?target=denonext",
    "https://esm.sh/lib0@^0.2.99/encoding?target=denonext": "https://esm.sh/lib0@0.2.99/encoding?target=denonext",
    "https://esm.sh/lib0@^0.2.99/environment?target=denonext": "https://esm.sh/lib0@0.2.99/environment?target=denonext",
    "https://esm.sh/lib0@^0.2.99/error?target=denonext": "https://esm.sh/lib0@0.2.99/error?target=denonext",
    "https://esm.sh/lib0@^0.2.99/function?target=denonext": "https://esm.sh/lib0@0.2.99/function?target=denonext",
    "https://esm.sh/lib0@^0.2.99/iterator?target=denonext": "https://esm.sh/lib0@0.2.99/iterator?target=denonext",
    "https://esm.sh/lib0@^0.2.99/logging?target=denonext": "https://esm.sh/lib0@0.2.99/logging?target=denonext",
    "https://esm.sh/lib0@^0.2.99/map?target=denonext": "https://esm.sh/lib0@0.2.99/map?target=denonext",
    "https://esm.sh/lib0@^0.2.99/math?target=denonext": "https://esm.sh/lib0@0.2.99/math?target=denonext",
    "https://esm.sh/lib0@^0.2.99/object?target=denonext": "https://esm.sh/lib0@0.2.99/object?target=denonext",
    "https://esm.sh/lib0@^0.2.99/observable?target=denonext": "https://esm.sh/lib0@0.2.99/observable?target=denonext",
    "https://esm.sh/lib0@^0.2.99/promise?target=denonext": "https://esm.sh/lib0@0.2.99/promise?target=denonext",
    "https://esm.sh/lib0@^0.2.99/random?target=denonext": "https://esm.sh/lib0@0.2.99/random?target=denonext",
    "https://esm.sh/lib0@^0.2.99/set?target=denonext": "https://esm.sh/lib0@0.2.99/set?target=denonext",
    "https://esm.sh/lib0@^0.2.99/string?target=denonext": "https://esm.sh/lib0@0.2.99/string?target=denonext",
    "https://esm.sh/lib0@^0.2.99/time?target=denonext": "https://esm.sh/lib0@0.2.99/time?target=denonext",
    "https://esm.sh/sap-ai-token": "https://esm.sh/sap-ai-token@1.0.0",
    "https://esm.sh/xstate": "https://esm.sh/xstate@5.19.0",
    "https://esm.sh/xstate@^5.19.0": "https://esm.sh/xstate@5.19.0",
    "https://esm.sh/y-partykit/provider": "https://esm.sh/y-partykit@0.0.32/provider",
    "https://esm.sh/y-partykit@^0.0.32": "https://esm.sh/y-partykit@0.0.32",
    "https://esm.sh/yjs": "https://esm.sh/yjs@13.6.20",
    "https://esm.sh/yjs?target=denonext": "https://esm.sh/yjs@13.6.23?target=denonext",
    "https://esm.sh/yjs@^13.6.20": "https://esm.sh/yjs@13.6.20",
    "https://esm.sh/zod": "https://esm.sh/zod@3.24.1"
  },
  "remote": {
    "https://esm.sh/@ai-sdk/azure@1.0.10": "28698381e4d49824d26c6cb1c7b092b6a651d77f9d7cbc2fc4e83c0bdf69140d",
    "https://esm.sh/@ai-sdk/openai@1.0.8": "3b2ea108014454019578d3a09415e7110a2d2041790eb58ea93cb69cfcef8d36",
    "https://esm.sh/@cxai/stream@1.0.1": "ce514034ab19b87191b03d105001a4a603adf841fe3198d815948cf5374ec9b9",
    "https://esm.sh/@cxai/stream@1.0.2/ui": "ee3bea4952b4adaa96b1b14b37d228a2f9372e386716b417460ce2a3b43f5968",
    "https://esm.sh/@cxai/stream@1.0.3/ui": "ace3d83aef5f2c770bca83be104c87fddf2e83523e18c9dc9a59f6658563b3cf",
    "https://esm.sh/@cxai/stream@1.0.4": "2f417c0cc33712e834aaa886550660c75da98a321b8ec36d05201dcd5749e532",
    "https://esm.sh/@cxai/stream@1.0.4/denonext/dist/generator-C04kyNq9.mjs": "9dd2cf9c3e9262365275a1c72563d3cd3d115aae29c3866d1cf3484bdec55053",
    "https://esm.sh/@cxai/stream@1.0.4/denonext/dist/index-8YElVOzp.mjs": "9eb81c0cde59b83ca6eff408d8e3a8ee0f8e4a534ced1650bbc726734cdae2b4",
    "https://esm.sh/@cxai/stream@1.0.4/denonext/dist/monads-BloitKQ6.mjs": "baed648a2f54e9e5c3a97820fbb2fbafb9b6208bb1c584368a156fb11d29b3d0",
    "https://esm.sh/@cxai/stream@1.0.4/denonext/dist/raise-c17ec2bc.esm-BqQ1eO-C.mjs": "05c754d36466ad5f9d03cb6279c5f4b645e2a2f8231724c7d5e3ace381fe0f20",
    "https://esm.sh/@cxai/stream@1.0.4/denonext/dist/sse-CMD-MIHJ.mjs": "76e65d231b7408164d9edaa0ec19570f314d7a19569f399abb46b03d62271891",
    "https://esm.sh/@cxai/stream@1.0.4/denonext/dist/ydoc-B5HJqaEL.mjs": "54c36a27b45315c829e32da6ad3abcb72acf054233daa0456231c47c7b37852f",
    "https://esm.sh/@cxai/stream@1.0.4/denonext/iterator.mjs": "7deefa91128035f4d01847030baf3f099021796c141d9888900b04ab3f9facbf",
    "https://esm.sh/@cxai/stream@1.0.4/denonext/xstate.mjs": "9b3cdfd45925fa895ba9e82e4ae0e435d637730b8c54b62bea372cb881b26c97",
    "https://esm.sh/@cxai/stream@1.0.4/denonext/yjs.mjs": "992523a2f9c4361b686bab99b58789d5b88eb8d43a5fc5d833eaed0aafa8d5c4",
    "https://esm.sh/@cxai/stream@1.0.4/iterator": "4da2b514d4f6f98595c692eeda11af1c62584bc2291afc6bcf28b16f0e908805",
    "https://esm.sh/@cxai/stream@1.0.4/ui": "47e4d5bb95af25db4688004494f9487cce112b20bb75bd741b5572d29ea49f8a",
    "https://esm.sh/@cxai/stream@1.0.4/xstate": "062c3a139d01063f52948b618229938a35ca64497518093cf67b56c6cdf43c1c",
    "https://esm.sh/@cxai/stream@1.0.4/yjs": "33ac0e14e1bfe5cb891f4502f5c07ee5d6b240fc6d055dcfeed42b4dae64f480",
    "https://esm.sh/@hocuspocus/provider@2.15.0": "04fa7022d080877662f4c8b2d0bbfc9c58eb9883c28e5a7324470b70f2aba784",
    "https://esm.sh/@y-sweet/client@0.6.4": "61eec27f945d284637441b5cf859339faf02b6f1e42a5b3447b4236caa399563",
    "https://esm.sh/@y-sweet/sdk@0.6.4": "67b20f463c5aa30bd89b8bcb46f8a5058d081497d6027c8740dbfce13002ec19",
    "https://esm.sh/ai@4.0.18": "9ebd222b7ac05b09d037866dccc59803824d95d48c49e000e33849143f624fe7",
    "https://esm.sh/atomico@1.79.2": "ee8c24006621eaca4873390e75002af15dd13f94597918c3ef5533db6a78c808",
    "https://esm.sh/atomico@1.79.2/ssr/load": "4b31cae81532fecaf69e870b69757680d2741e581d92a3bcea3975990015acc7",
    "https://esm.sh/it-pushable@3.2.3": "f967a9942bc32b0e5981c13f70cf1b5dd637cb2e554a519d0cc1813b21d186fd",
    "https://esm.sh/lib0@0.2.99/array?target=denonext": "2543efdc3ddbdcd928532cae5b439c82d82e105ac3bba824029f0286d650d76e",
    "https://esm.sh/lib0@0.2.99/binary?target=denonext": "d002063186dcd2c56c65d90bccaf85529a3ba40783a00d2fc1819530cd16fa16",
    "https://esm.sh/lib0@0.2.99/buffer?target=denonext": "9dc5287137fa4083e73046d7ac835aff72cf1817715cade88ac2e9ee09cdab56",
    "https://esm.sh/lib0@0.2.99/decoding?target=denonext": "b80ed4508219ae028b0a0d224553366672e4106b115e97125530bfafdda5bf1a",
    "https://esm.sh/lib0@0.2.99/denonext/array.mjs": "d355b40c3566dc70622c60bceec9bcfc5f733f9a73d785d6928b1a3261e4b94c",
    "https://esm.sh/lib0@0.2.99/denonext/binary.mjs": "fa3a3134b70a1e887620117ae7bcfeda2c56e69b7d75c8eea95921bccb8d2e38",
    "https://esm.sh/lib0@0.2.99/denonext/buffer.mjs": "e5951f8ddd7c4a6ff488ba6c2b82770e5cb6e5d692d96322f70e32686adaea17",
    "https://esm.sh/lib0@0.2.99/denonext/conditions.mjs": "85aab470872c5ddacfe1edcff6ffc810bcb84029c0065176bcba5c2ae88e079a",
    "https://esm.sh/lib0@0.2.99/denonext/decoding.mjs": "978c6cf3fb9063aeef90f8846bbe3679f1c9e2c83730d979aced2f2c317e5003",
    "https://esm.sh/lib0@0.2.99/denonext/encoding.mjs": "a78346127826dd3a1d52c36b431641915793b51a2d43ce84dd71ac15d2b06433",
    "https://esm.sh/lib0@0.2.99/denonext/environment.mjs": "fc502e64edd7771c880b5f10858d1303ee9aa8cfdf9c4100d20a9c521677799e",
    "https://esm.sh/lib0@0.2.99/denonext/error.mjs": "580593adc853add17832856a5f3f5d145a94c99c7dec66b56c2b03381ef684d5",
    "https://esm.sh/lib0@0.2.99/denonext/function.mjs": "33cb0a51804774f3152dc76fe575d3704ae3670d280028034f4dbd85fb93d4dd",
    "https://esm.sh/lib0@0.2.99/denonext/iterator.mjs": "d6442340251492f98d3d642c1ec4613e4d20522363c0602d3eabf231cc5c568c",
    "https://esm.sh/lib0@0.2.99/denonext/json.mjs": "99e27ed6bd2ac77a81f958312fa1d26589c4ea1edc918f001809825ca78c3a65",
    "https://esm.sh/lib0@0.2.99/denonext/logging.mjs": "776dd62c93f20ce526576cdd8ea559756f3d1b42bfd2e66fc1bff619a325e149",
    "https://esm.sh/lib0@0.2.99/denonext/map.mjs": "b45b091733ef169ed9d0d349182d2e171825fd082a3c322ba2abad503bed036a",
    "https://esm.sh/lib0@0.2.99/denonext/math.mjs": "3ee9ebe1bbb8826188bc3929d4a25a5a0b31b3ccf456fe5b93b79451a61716de",
    "https://esm.sh/lib0@0.2.99/denonext/metric.mjs": "4d390f16eb1804a31badd864dbe8d2340b22ce37d7ef8e9e52d774a348c062fb",
    "https://esm.sh/lib0@0.2.99/denonext/number.mjs": "d79a9771cb5f9e78b506985c98783ce0c2b981e159dc3f8f2a6529e940cd4128",
    "https://esm.sh/lib0@0.2.99/denonext/object.mjs": "4386c8b5815f94b3a51a2ec8aef06c3f93fda363b4d269ee92641e08675eda26",
    "https://esm.sh/lib0@0.2.99/denonext/observable.mjs": "a8dd2c5961b49b12250b97642d279a69ad25a2505d8332c0648638dd3bb070b2",
    "https://esm.sh/lib0@0.2.99/denonext/promise.mjs": "a94a43f598d7f5935b8d39510f6c5ea90f39f7f1d21b452f71704107bca8530f",
    "https://esm.sh/lib0@0.2.99/denonext/random.mjs": "cdfb9ec275cafd3933e2b51b8fa063cb81bc5af707f0b054a43cfb8ff8065b65",
    "https://esm.sh/lib0@0.2.99/denonext/set.mjs": "49fa143d7b86b735d0343fb0dbac58635e5963dff6d912537fbea55a508e6555",
    "https://esm.sh/lib0@0.2.99/denonext/storage.mjs": "75b86d0013c2333853a06b344fa47b3213f85a76c6eabf2accc64323ba782a13",
    "https://esm.sh/lib0@0.2.99/denonext/string.mjs": "71652c56b1059976ddb0b729ea91253d9a81cd647b957ec0f245c95f3589ec6a",
    "https://esm.sh/lib0@0.2.99/denonext/symbol.mjs": "aaa191d15028ef52a13ce905aeee069aa3d1680bb28df84c07ff5d9d9354ee6c",
    "https://esm.sh/lib0@0.2.99/denonext/time.mjs": "2225f87117393578a980e3beac7cd69472c27ff6ce65d7b771f67b76e12e8274",
    "https://esm.sh/lib0@0.2.99/denonext/webcrypto.mjs": "ae88a540284c8601b0e28503089a7925ee89eec111c0384c6be3e4de6a2c13b0",
    "https://esm.sh/lib0@0.2.99/encoding?target=denonext": "aed432b0d8d30e14bdff55a38f00607d4332779733e038cd7c894900bf88d054",
    "https://esm.sh/lib0@0.2.99/environment?target=denonext": "81d8619662916f82ba2b28246f36b158748979c2480f4dd89cf8e79ee55103c4",
    "https://esm.sh/lib0@0.2.99/error?target=denonext": "5a121a11b2ea265ad334814dbbb82cd77f674377656fdac3fdff12d8a7a78792",
    "https://esm.sh/lib0@0.2.99/function?target=denonext": "d215b74d9bf58dbeff943c573cba4c86c0562d801913e51583edc5802245ce5c",
    "https://esm.sh/lib0@0.2.99/iterator?target=denonext": "554013a8f9062c3cceebba92ec99570fdfa2062520bd4457c1a39eb5c5ab9ce3",
    "https://esm.sh/lib0@0.2.99/logging?target=denonext": "3093065e9214d1d09eba203b1d2e145b8ec3cc89123f6a0428e9d86352467f6e",
    "https://esm.sh/lib0@0.2.99/map?target=denonext": "4f831c787b133cd53e671a6acdb69776c995e39c2c4d49aaf8e7b8614025b60a",
    "https://esm.sh/lib0@0.2.99/math?target=denonext": "84b376f60ef5d72ff24319dd2a338e6762aca167cadf496ac088d5d5de48b4e8",
    "https://esm.sh/lib0@0.2.99/object?target=denonext": "193965a30f25d57db5d530c0fb96e38673e7db4d8a3bd95eb0e76c2776e61121",
    "https://esm.sh/lib0@0.2.99/observable?target=denonext": "ed1a44c833f943a5e65d3c43c1ffb0c21960012b5f36f71e186dd488e19718db",
    "https://esm.sh/lib0@0.2.99/promise?target=denonext": "1167632627689c6ba37dce772b7c0fe5369b2112c8f7372fce6aa45e9ed95a36",
    "https://esm.sh/lib0@0.2.99/random?target=denonext": "7283e7c4204360ed408a41eea441f48063e535bf0abcc73a8807acfbbb9373c1",
    "https://esm.sh/lib0@0.2.99/set?target=denonext": "3aba943dcfa0e6f2e95776d3707c42e0737f32380218163c7984a6ecdcfd21fe",
    "https://esm.sh/lib0@0.2.99/string?target=denonext": "0a921a4a69671584e7a824c862ccd79afc95d681b211de5832a37aa26f7ef677",
    "https://esm.sh/lib0@0.2.99/time?target=denonext": "44547bd67d8d5cca6c8450a740c8be8fbb72a5e3130d2ac0fe6fc299f969e9f5",
    "https://esm.sh/sap-ai-token@1.0.0": "218079463092bacbc70320cdd096ae8854901043722af0df146cb631b17caf31",
    "https://esm.sh/v135/@ai-sdk/azure@1.0.10/denonext/azure.mjs": "6ed09f4c00746ffc12d089ccd95dec551d7ae500f46f982479655abc4c395826",
    "https://esm.sh/v135/@ai-sdk/openai@1.0.8/denonext/internal.js": "9b71d3f755264737df419cc217eb67c0ceb08c683063906cf08dbc1f3a562b56",
    "https://esm.sh/v135/@ai-sdk/openai@1.0.8/denonext/openai.mjs": "70a65ca8da7ff2c96a6a198e2ee1884b808399ee552e191d8df8c114082dbac3",
    "https://esm.sh/v135/@ai-sdk/provider-utils@2.0.4/denonext/provider-utils.mjs": "5dfbbbd7d0d0c2e1b0167d4dd1602c48bf90341e11a13f0cafb46d7c837064e3",
    "https://esm.sh/v135/@ai-sdk/provider@1.0.2/denonext/provider.mjs": "f28ae7091dcc4d6772659ff831493c8c6f608fdf8deb55a2c4e2ea01ae402bfd",
    "https://esm.sh/v135/@ai-sdk/ui-utils@1.0.5/denonext/ui-utils.mjs": "387fc207e9c2876a92c85b3e3e61aa06f7312c52e55106f32e7ff5a32459f933",
    "https://esm.sh/v135/@cxai/stream@1.0.1/denonext/dist/few_shot-D8SeHwqp.js": "a474807b8f49791a76aee84f23ac2b83e24216151376b85c13286ad3bd13d871",
    "https://esm.sh/v135/@cxai/stream@1.0.1/denonext/iterator.js": "858ee960e4e34a6882a11fe9a33d551b0f5d4c61e189342e54c8d58caacb7925",
    "https://esm.sh/v135/@cxai/stream@1.0.1/denonext/stream.mjs": "88cf3a8c222bc730dc63ada072eee9568c6de6d6bc2b13c9deec7b43759f3ba3",
    "https://esm.sh/v135/@cxai/stream@1.0.2/denonext/ui.js": "e1a801cfd483cc5fca8b606e445c48850fd9172c20e46e45c3897d880dfedb80",
    "https://esm.sh/v135/@cxai/stream@1.0.3/denonext/render.js": "ee51452ffc7ea31f2557a5d2969b8d1b035541a053ac47f3d8a7e2059f851956",
    "https://esm.sh/v135/@cxai/stream@1.0.3/denonext/ui.js": "074d3f328967c1855eaaa95b4961b98821ed49f4fbb096a15b4a0692280c8528",
    "https://esm.sh/v135/@cxai/stream@1.0.4/denonext/dist/few_shot-_HB9luB2.js": "cc2d62b43fc777e5fcddd2e0f9d388f99f316f354f36f0319064a4fd4041302d",
    "https://esm.sh/v135/@cxai/stream@1.0.4/denonext/iterator.js": "02a943a7ebc9fa370e39087086001cdcda2ea1857fd141e8fd1e6c363c274ddf",
    "https://esm.sh/v135/@cxai/stream@1.0.4/denonext/render.js": "50350577b7d08705bc318d1a357513ac281c1c3ffca8ea977bcb140e6ac3b7ba",
    "https://esm.sh/v135/@cxai/stream@1.0.4/denonext/stream.mjs": "ea8029648c0543c67f19b704cdb89eed52c4b2db3e012648b7610de7ec3aea12",
    "https://esm.sh/v135/@cxai/stream@1.0.4/denonext/ui.js": "233696d64aec49afb66d62e9246fcf87f148c9010ad1493a458ce4812aa7c50c",
    "https://esm.sh/v135/@hocuspocus/common@2.15.0/denonext/common.mjs": "92fa449f665589377c970cda066017e60810aa1990c80aadd2ca7ca86184d84e",
    "https://esm.sh/v135/@hocuspocus/provider@2.15.0/denonext/provider.mjs": "c128a1c2e5f9dfb32adb2c3e55042998b8062e89165654719b06ab20ea72675e",
    "https://esm.sh/v135/@lifeomic/attempt@3.1.0/denonext/attempt.mjs": "6df10b69916faa5e77c4cf68931f7f1267b7966de0b3af760ef64f841513c511",
    "https://esm.sh/v135/@opentelemetry/api@1.9.0/denonext/api.mjs": "2c4ccab6379206aea31025d84aa2003b0d50e03257cd27d798b3470e5a06673c",
    "https://esm.sh/v135/@y-sweet/client@0.6.4/denonext/client.mjs": "4bcb59677f47a10a3564de8205ecd5c69f8ae924038e576efd57f9c4d3dad532",
    "https://esm.sh/v135/@y-sweet/sdk@0.6.4": "67b20f463c5aa30bd89b8bcb46f8a5058d081497d6027c8740dbfce13002ec19",
    "https://esm.sh/v135/@y-sweet/sdk@0.6.4/denonext/sdk.mjs": "a93f546c2d48691cb3f9234c7deb8a0766c10c849ab4625bcd75f17380091ef5",
    "https://esm.sh/v135/ai@4.0.18/denonext/ai.mjs": "5e65a1ac4946e25c4a81e67eec04feeabd1776238d2987cf3b9d88af5ddb05b8",
    "https://esm.sh/v135/atomico@1.79.2/denonext/atomico.mjs": "1f4df8d14767c143293d5804d5dea632469cb8795ed150da204a13bdddd2e1eb",
    "https://esm.sh/v135/atomico@1.79.2/denonext/html.js": "49eb7bcdf325b0879590b0903468e3d040d62b78385a7a643e635bff0ecaabd8",
    "https://esm.sh/v135/atomico@1.79.2/denonext/ssr/load.js": "9bfdaa9cfbd521fb4df3cef9c6f86852a428fa66f6b11612155194b7a0aa6346",
    "https://esm.sh/v135/eventsource-parser@3.0.0/denonext/eventsource-parser.mjs": "167040e14b9937720ef1c18d30308ec00c92783aef7e9a99ebabda594db4638e",
    "https://esm.sh/v135/eventsource-parser@3.0.0/denonext/stream.js": "b4f7c77308fb6822309599b11a790371fa5ef70625a9dbd474531ee5773f1408",
    "https://esm.sh/v135/it-pushable@3.2.3/denonext/it-pushable.mjs": "be7a8de3090860a945a0eb787284b8a7ba60b6538f1f5624b4001b5b0053cb4d",
    "https://esm.sh/v135/lib0@0.2.88/denonext/array.js": "790b82672b9abf4e7039da7a66b11f284388174719d26a1611421dc35dc276c4",
    "https://esm.sh/v135/lib0@0.2.88/denonext/binary.js": "ddcafa282f0341fe1971dc663f8fb0231af3f2df1d6193d95d328417e59eede5",
    "https://esm.sh/v135/lib0@0.2.88/denonext/buffer.js": "3e651df1d054b731678298dd502a5de9cd0fc2974c385b266d8190a9456506b2",
    "https://esm.sh/v135/lib0@0.2.88/denonext/conditions.js": "348b83662789e0e358f6174f397724f63dc38f231d760f77d214c9d9849d31fa",
    "https://esm.sh/v135/lib0@0.2.88/denonext/decoding.js": "89d0796b2cbe09735ccd467de6213c699b9a73808e8ef6a95781636876c085ef",
    "https://esm.sh/v135/lib0@0.2.88/denonext/dom.js": "ed09b30379ba889969f358f3398d1c004dfec67fbcafca30a79fdb09bfe57067",
    "https://esm.sh/v135/lib0@0.2.88/denonext/encoding.js": "e2b0b78f4e5317db9145adb0055c2bf6752ffec734675658018f7dd2fe79ec41",
    "https://esm.sh/v135/lib0@0.2.88/denonext/environment.js": "d7d5fb5e5b99246c838fe234daf4add6df2ee697e9287f6d10df0e47350ce22f",
    "https://esm.sh/v135/lib0@0.2.88/denonext/error.js": "1060665c1601d90feec0f30735b5a48eb218ab16a562d2bebd1c531693efbb6e",
    "https://esm.sh/v135/lib0@0.2.88/denonext/eventloop.js": "986a24aa1bbeeb330d8e067a6f08acf6ed93cb3557700917406ca17a4067b2f7",
    "https://esm.sh/v135/lib0@0.2.88/denonext/function.js": "fee66a9fdcd8a680b3ba723d9ed652d437d2a8de5956692cfc7cb874d8daf86f",
    "https://esm.sh/v135/lib0@0.2.88/denonext/iterator.js": "aaa967031fbb27ea434b9a81d08631dac63fc05f0e1521100b5d8c7f85fbe904",
    "https://esm.sh/v135/lib0@0.2.88/denonext/json.js": "60d7823cf7f74bbb7b42f9eb8de0f1afee1646de7acbed770a8c47627c2398fb",
    "https://esm.sh/v135/lib0@0.2.88/denonext/logging.js": "87e9a2acabfc0c138e7ea24b204c1d7ef9799cc1282ee152675b63ba4a3227c6",
    "https://esm.sh/v135/lib0@0.2.88/denonext/map.js": "7fe5d2efeb10ddf1a6bec4951990064670c5aa9d3f618749907c647cc4c98528",
    "https://esm.sh/v135/lib0@0.2.88/denonext/math.js": "3b6919b457394ecbb473721382255b29508bfb1efd0bf75c115bd1d720961df7",
    "https://esm.sh/v135/lib0@0.2.88/denonext/metric.js": "4e735ed80c27ef3be5c7a7d5815072305892b89472e190a3fe41671c33d8a14b",
    "https://esm.sh/v135/lib0@0.2.88/denonext/number.js": "76319c725965482b31283c961f9d9cfc08ca28e855a4b40ea0465de04d485e40",
    "https://esm.sh/v135/lib0@0.2.88/denonext/object.js": "f40446674b2a5f24a1d51246405cbb183c809339d3dc18a47049e4d22b916bde",
    "https://esm.sh/v135/lib0@0.2.88/denonext/observable.js": "983261971fb04ac6bc0a376749a0a75b973ce1d5df4cb13bb17f9c0681e03956",
    "https://esm.sh/v135/lib0@0.2.88/denonext/pair.js": "daf1a8c752949468b13c8ecc8c7218bbbc02b698ddf306a53474c764b33653cc",
    "https://esm.sh/v135/lib0@0.2.88/denonext/promise.js": "6ea2f1a9a3c51d1a13b8cd1d30a0d02e326ead32c216ea04d3d67ce654a39078",
    "https://esm.sh/v135/lib0@0.2.88/denonext/random.js": "cb6cc07b22674c268a14b419b922504012d7d361aaa269471ea7327d520a4d48",
    "https://esm.sh/v135/lib0@0.2.88/denonext/set.js": "b695ea90d6e85f468cd712241ccc46e2cee844e49fb4619a340cd2568f9f4587",
    "https://esm.sh/v135/lib0@0.2.88/denonext/storage.js": "39381e85d37fac7877d30ca20090825bbf674bc669800c77e9b188155ecbf30b",
    "https://esm.sh/v135/lib0@0.2.88/denonext/string.js": "1bec13f50048ba55d6f7bc6012055f05f60c2db7d017f9b15c35e7fa9281147f",
    "https://esm.sh/v135/lib0@0.2.88/denonext/symbol.js": "dc21d624c55531b6090e564877947a29bac617c580743757d45fb6e1665cb3fb",
    "https://esm.sh/v135/lib0@0.2.88/denonext/time.js": "ddb1972a1ff939dfa0bd4ea904c6e5cb44cc62193dd3e9e6a50043dc7d792c19",
    "https://esm.sh/v135/lib0@0.2.88/denonext/webcrypto.js": "d303ce3fe77b46de0898cc4c0e9112bf352b16c0ee2235cfd4e6641fbf35e032",
    "https://esm.sh/v135/lib0@0.2.98/denonext/array.js": "89b7ddad6ab445bcbd0a60e59ba4878bc781dfceb6cf033d33421f85a7c2cc9c",
    "https://esm.sh/v135/lib0@0.2.98/denonext/binary.js": "19bdfdcb8a7a985ca6caaa5b9e32fc270cdaaa1a13ba22539128df3c262cc905",
    "https://esm.sh/v135/lib0@0.2.98/denonext/buffer.js": "9f25786a38d45ad0ad5bb103f019ecb2c75255cbacead04bb1af3b21606198c0",
    "https://esm.sh/v135/lib0@0.2.98/denonext/conditions.js": "d6e256a8d03fb990ebe24ed77c495abf1bc0a08cb1482d3b12fe86a4e56b4b17",
    "https://esm.sh/v135/lib0@0.2.98/denonext/decoding.js": "0a3e784e82fa918fc1e87d62c1bea8b56f0df1180559ff20d9297b1efb6deff7",
    "https://esm.sh/v135/lib0@0.2.98/denonext/dom.js": "e4f62786246b9a2fc2827f002dd4b814ab1c02e5d52bdcaee65f8b04922207c2",
    "https://esm.sh/v135/lib0@0.2.98/denonext/encoding.js": "ecafc7851767760e716008ca1cacc178642f2ff20a81f16caed573df4bec691d",
    "https://esm.sh/v135/lib0@0.2.98/denonext/environment.js": "2f77e0024194adbc13da4a8c2a54c93a5fcede910f2681fdfbc6006e76cd4a4c",
    "https://esm.sh/v135/lib0@0.2.98/denonext/error.js": "b9e285136f9e5b9c82e07012dceded395b4fb195a636225e9be3255a10697fd4",
    "https://esm.sh/v135/lib0@0.2.98/denonext/eventloop.js": "2bc5944f5aa99fb18228fb1c65d037e128f2f497d3e51c0f24a836799b082bb2",
    "https://esm.sh/v135/lib0@0.2.98/denonext/function.js": "82a3dd6370befcf45e3164e080483b160c4437ad0bba52afc31bdee3f2ef368c",
    "https://esm.sh/v135/lib0@0.2.98/denonext/iterator.js": "62718179346e12431e646f6129c0ad5183d500daae4f49aa8c977bac2974e600",
    "https://esm.sh/v135/lib0@0.2.98/denonext/json.js": "878055849e241193cb91f9fcad52f686f7a54b4f09713b900c10e6b2915032ae",
    "https://esm.sh/v135/lib0@0.2.98/denonext/logging.js": "de4f08b55fadd1b2e22fecebfb28dbe5d51a10392b3f25dbf4beaaf86135c06d",
    "https://esm.sh/v135/lib0@0.2.98/denonext/map.js": "d91e660434b50be22c5585bbfa59d731e84c16bd856418757e2051d37a8625df",
    "https://esm.sh/v135/lib0@0.2.98/denonext/math.js": "e77cbd411447d2b9be06b75463c78ce10fd02c804564752d2bff9360f87a6422",
    "https://esm.sh/v135/lib0@0.2.98/denonext/metric.js": "5940ea341e798774cf87a16068f8ca1967fc7c20d716f7ce497892837e2cd842",
    "https://esm.sh/v135/lib0@0.2.98/denonext/number.js": "74d5511a14cf40f5cffd65a8fcdadffbef4e253e71ca5c11ee6370b863df19ed",
    "https://esm.sh/v135/lib0@0.2.98/denonext/object.js": "0d2cee3621780ccd04b7f99c0727fbb392dc3d60b641709a752af9f6f8585048",
    "https://esm.sh/v135/lib0@0.2.98/denonext/observable.js": "964c88f541d01e8c2153d4df85887670b57592376fcfa23a131b0d7a08286ec6",
    "https://esm.sh/v135/lib0@0.2.98/denonext/pair.js": "e4d727160b3095691bde3e1d2e69e00da24302073ad44ff8f76635b190f73c28",
    "https://esm.sh/v135/lib0@0.2.98/denonext/promise.js": "553fb736d601afdc59e133e14330ba4e9bb616cacb02c645907fab2a40e59612",
    "https://esm.sh/v135/lib0@0.2.98/denonext/random.js": "7acc9ac5102e9c3e260de1c307b329e091ce64cd5a31b7e07e5490418d7825b3",
    "https://esm.sh/v135/lib0@0.2.98/denonext/set.js": "1f2c8343529f9c2bbf871567510a683235274a6ebb654e86442622d9657a7123",
    "https://esm.sh/v135/lib0@0.2.98/denonext/storage.js": "c1b6fc277a16df5ca32b0661f640f857b614ded26c5ee3c054ef058f4f6654af",
    "https://esm.sh/v135/lib0@0.2.98/denonext/string.js": "c570db0e06e13dba99a624bf66916d38bceaf584c7b0392de7e5aa7fdc784614",
    "https://esm.sh/v135/lib0@0.2.98/denonext/symbol.js": "b30b6666fcb22c0943f90d9724629b66929c8b08628d0bd25034734e0369bd4f",
    "https://esm.sh/v135/lib0@0.2.98/denonext/time.js": "461977e900e588b728c28d5517531ed97a7013ad019eb591602ab193b317e84a",
    "https://esm.sh/v135/lib0@0.2.98/denonext/webcrypto.js": "ff2d21468d531f32b2c8cec1c56b96ecf616c15b5d239dae577e8935798bd264",
    "https://esm.sh/v135/lib0@0.2.99/denonext/array.js": "d2312bd1cf3158125969207bc8a85332c39bcae777a5b773793464d3496f466b",
    "https://esm.sh/v135/lib0@0.2.99/denonext/binary.js": "7fe34fa5c06e5e24c5cad486f397f271c2651c2615dd475df25133d429c09a75",
    "https://esm.sh/v135/lib0@0.2.99/denonext/broadcastchannel.js": "908c3cc94c643f0e10c2f1864f02e9eaed36550ca43de15d794f6e33154affe9",
    "https://esm.sh/v135/lib0@0.2.99/denonext/buffer.js": "b3dd564291a53b9996fe6f4fbb218cf3a6e2907e636bc3aac2a5c5b586f11c42",
    "https://esm.sh/v135/lib0@0.2.99/denonext/conditions.js": "60f1b6e3155d954f5964cf984540e8866d9c144d59e86e2ec73eda58fe983df1",
    "https://esm.sh/v135/lib0@0.2.99/denonext/decoding.js": "2494d22b6261478c352528bfcd03869c0f21f6cdb57cce0dcb6725d48f92e3cb",
    "https://esm.sh/v135/lib0@0.2.99/denonext/encoding.js": "25c14d344a80e95ff6503bd72ac513411cfb7a299e957d0e655f274ae02bc63b",
    "https://esm.sh/v135/lib0@0.2.99/denonext/environment.js": "804d31384b8da1538d16eea2fcc0a95f8d190898b66d472633a5b6da34bb137d",
    "https://esm.sh/v135/lib0@0.2.99/denonext/error.js": "87c0702d585d0fe965d53a272e72e57932369aff3f56115a6353ad93eb1c834d",
    "https://esm.sh/v135/lib0@0.2.99/denonext/function.js": "75696cff448fc9aad2d49962c04125114ddfcf12e97b61eb0a20892e9f2246b1",
    "https://esm.sh/v135/lib0@0.2.99/denonext/map.js": "df2e7fd2cce0fc3738e25b2992656bbb18e2fae9ab7f57f9bcdaee4323f540e4",
    "https://esm.sh/v135/lib0@0.2.99/denonext/math.js": "212585afc9520fcc9546dc32196df2b68adb7f818e9949c2f3b3be17f92dcf66",
    "https://esm.sh/v135/lib0@0.2.99/denonext/metric.js": "5d31c2940db877f4b07328d853cc07ff845ef8bc53864e656ad546ef384d1ff1",
    "https://esm.sh/v135/lib0@0.2.99/denonext/number.js": "20d46104c96f5ed2e76a600172b277d8d9f86a8ec886ff14275cbc953dc089fd",
    "https://esm.sh/v135/lib0@0.2.99/denonext/object.js": "a3795f1f918d5dbb48fbd6cc33c26b2c548821450f8496857bfb33884572ce4a",
    "https://esm.sh/v135/lib0@0.2.99/denonext/observable.js": "e54423cb45416fd90602ed94c78ca0ad077172f0e54d6d95e8d99bc75eee60fb",
    "https://esm.sh/v135/lib0@0.2.99/denonext/set.js": "93650cbb7431e407b3288ec3f5b8e6add1a335d6261d24e0b55505093ae1dbe8",
    "https://esm.sh/v135/lib0@0.2.99/denonext/storage.js": "95d717360bbd3576efa4cb887a87ad528346d3d606b52b273dcee492d0e6efec",
    "https://esm.sh/v135/lib0@0.2.99/denonext/string.js": "937cf6532ad8f60a93dd8b0522604ed72a851c5db262aa9f2b6121cb366e12e1",
    "https://esm.sh/v135/lib0@0.2.99/denonext/time.js": "178b496b19599544f0a50ab8dce24fa7dfa6aec2a61b2a06766172281343cdc9",
    "https://esm.sh/v135/lib0@0.2.99/denonext/url.js": "70c178cf109b43ec6d6fcb5833096fcca144447060432acef97d51346318ed5b",
    "https://esm.sh/v135/lodash.debounce@4.0.8/denonext/lodash.debounce.mjs": "bd9bc080332171b6737a9bdf6d646aff108e2e6ca94eec68722357475561cb31",
    "https://esm.sh/v135/nanoid@3.3.8/denonext/non-secure.js": "f7ef5e757bba6180b197c96d3d5a838cc61f68cf9346df179baf353369c2b59c",
    "https://esm.sh/v135/p-defer@4.0.0/denonext/p-defer.mjs": "58fc5f56b6940cc16c0ae1be27e36840159f450b013c15a2bdf96c10eb0498b9",
    "https://esm.sh/v135/p-defer@4.0.1/denonext/p-defer.mjs": "70009aa9226bba98a7422e5cd985e9466c2b6f05763c4b1df48284cf22fbfc7e",
    "https://esm.sh/v135/sap-ai-token@1.0.0/denonext/sap-ai-token.mjs": "931132b6ce846cea54babdf7f81b4ff9d7301faf0adbd21005fb050bbc8eec09",
    "https://esm.sh/v135/secure-json-parse@2.7.0/denonext/secure-json-parse.mjs": "cd258440087dff76afef957896292c2acd7e50c8cb5794459792181a500295a3",
    "https://esm.sh/v135/xstate@5.19.0/denonext/actors.js": "0ad8a2052d9759f6ed6c0ae0436a2c5acb83d5d19686766f6818bcbcc0e4b66f",
    "https://esm.sh/v135/xstate@5.19.0/denonext/dev.js": "bb01eb4b2205693f82fdf49616111a0a3483bdd8c05f859a7ee5abebe0b9d411",
    "https://esm.sh/v135/xstate@5.19.0/denonext/xstate.mjs": "78287a2aee9e2b08d6be707ae22f8e706a332aacf3f27b5053a1c5af9728d8f1",
    "https://esm.sh/v135/y-partykit@0.0.32/denonext/provider.js": "4e4a89f517fce62785b1f85d644e423d934e4f00c8e34fb7920d9ebd5fcaec4c",
    "https://esm.sh/v135/y-partykit@0.0.32/denonext/y-partykit.mjs": "a8d2c666f64f03b3892c7e8498d745c2e2125beb3f242c9f82dad235c8917ace",
    "https://esm.sh/v135/y-protocols@1.0.6/denonext/auth.js": "1a6908b3090c0594dda0faaaff6e88bddfe37a39e3f3097fed166942d698957f",
    "https://esm.sh/v135/y-protocols@1.0.6/denonext/awareness.js": "3a2991105c70b8fb6c7a0eb303837ac05b7c2caa930788521c2580c2beec43ad",
    "https://esm.sh/v135/y-protocols@1.0.6/denonext/sync.js": "cafdd3b4164533da815e75eee772470216e6baa838dafeaabb926ce962e2c2a3",
    "https://esm.sh/v135/yjs@13.6.10/denonext/yjs.mjs": "8461fdd6863cf7375cea5fac8accf021f70e924ce91b45d9ac720714ae2ab16c",
    "https://esm.sh/v135/yjs@13.6.20/denonext/yjs.mjs": "564b5f3d2ce3ddd81c6f3423c8e078e20bfe47927cf32305ce7449dbce431be5",
    "https://esm.sh/v135/zod-to-json-schema@3.23.5/denonext/zod-to-json-schema.mjs": "f9cd305df29a332f3470ae1d6c199bc19ce9ced4b92f92364e94726cbd4aed9b",
    "https://esm.sh/v135/zod@3.23.8/denonext/zod.mjs": "b3707b03ddc01aab11b740436ab23c0fcc8d15fed072be20085c1fd611016b61",
    "https://esm.sh/v135/zod@3.24.0/denonext/zod.mjs": "f5e9a92d6ca4e27124aa9bce0852c2912761ed8197c71d8e5c7a39476ed1d3be",
    "https://esm.sh/v135/zod@3.24.1/denonext/zod.mjs": "267cf807d908327192aa402850ce2cf1c199c02b097f4c521272a42538dad53a",
    "https://esm.sh/xstate@5.19.0": "7d6bf0127db62eef0b5544b27916c3e6f13a905bbcad67addff949e1d8e3460a",
    "https://esm.sh/y-partykit@0.0.32": "0906ccd16d4d89cad40cd001a88b6159cfd317b1e7790cde3476840442a75cb1",
    "https://esm.sh/y-partykit@0.0.32/provider": "1f3760658c81e8b737512c950f7002dbf4b01975d10175120df22e5d71350715",
    "https://esm.sh/yjs@13.6.20": "5156cd62fa785733518dddb193c2f24e75d876c64f668350cc851825e580be53",
    "https://esm.sh/yjs@13.6.23/denonext/yjs.mjs": "a157897889064dfb3f55da5949902319ab89591737f11a272b57b1551d0d2616",
    "https://esm.sh/yjs@13.6.23?target=denonext": "1be54457fe79ab8f87594b15440dc4c63204ccb3e7f48e8ba156f230a993aa80",
    "https://esm.sh/zod@3.24.1": "c6bc4bbea04826432b2b4e66b77316c0fa90d1132e879dd0193c90f9114436c4"
  },
  "workspace": {
    "dependencies": [
      "jsr:@std/assert@1",
      "npm:@cxai/stream@1.0.4"
    ]
  }
}
