{
  "version": "4",
  "specifiers": {
    "jsr:@davidbonnet/astring@1.8.6": "1.8.6",
    "jsr:@std/assert@1": "1.0.11",
    "jsr:@std/cli@*": "1.0.11",
    "jsr:@std/html@1.0.3": "1.0.3",
    "jsr:@std/internal@^1.0.5": "1.0.5",
    "jsr:@std/path@1.0.8": "1.0.8",
    "jsr:@vento/vento@^1.12.15": "1.12.15",
    "npm:@types/estree@1.0.6": "1.0.6",
    "npm:deno-http-worker@*": "0.0.16",
    "npm:deno-http-worker@^0.0.16": "0.0.16",
    "npm:estree-walker@3.0.3": "3.0.3",
    "npm:meriyah@6.0.5": "6.0.5",
    "npm:zod@^3.24.1": "3.24.1"
  },
  "jsr": {
    "@davidbonnet/astring@1.8.6": {
      "integrity": "98b4914c8863cdf8c0ff83bb5c528caa67a8dca6020ad6234113499f00583e3a"
    },
    "@std/assert@1.0.11": {
      "integrity": "2461ef3c368fe88bc60e186e7744a93112f16fd110022e113a0849e94d1c83c1",
      "dependencies": [
        "jsr:@std/internal"
      ]
    },
    "@std/cli@1.0.11": {
      "integrity": "ec219619fdcd31bcf0d8e53bee1e2706ec9a02f70255365a094f69755dadd340"
    },
    "@std/html@1.0.3": {
      "integrity": "7a0ac35e050431fb49d44e61c8b8aac1ebd55937e0dc9ec6409aa4bab39a7988"
    },
    "@std/internal@1.0.5": {
      "integrity": "54a546004f769c1ac9e025abd15a76b6671ddc9687e2313b67376125650dc7ba"
    },
    "@std/path@1.0.8": {
      "integrity": "548fa456bb6a04d3c1a1e7477986b6cffbce95102d0bb447c67c4ee70e0364be"
    },
    "@vento/vento@1.12.15": {
      "integrity": "34174a57475a28c1d9a62359edeb5b3d1205c331fe22f76cc6d064d6cb1666d6",
      "dependencies": [
        "jsr:@davidbonnet/astring",
        "jsr:@std/html",
        "jsr:@std/path",
        "npm:@types/estree",
        "npm:estree-walker",
        "npm:meriyah"
      ]
    }
  },
  "npm": {
    "@types/estree@1.0.6": {
      "integrity": "sha512-AYnb1nQyY49te+VRAVgmzfcgjYS91mY5P0TKUDCLEM+gNnA+3T6rWITXRLYCpahpqSQbN5cE+gHpnPyXjHWxcw=="
    },
    "deno-http-worker@0.0.16": {
      "integrity": "sha512-WAzuLIdf5oN1GpER/D4yiYhesNRwaiB3F+NVGWiQfbDDDZi7Cs24BEDyafvRp654kMPIhou1vc91Ji6F1oHWkA=="
    },
    "estree-walker@3.0.3": {
      "integrity": "sha512-7RUKfXgSMMkzt6ZuXmqapOurLGPPfgj6l9uRZ7lRGolvk0y2yocc35LdcxKC5PQZdn2DMqioAQ2NoWcrTKmm6g==",
      "dependencies": [
        "@types/estree"
      ]
    },
    "meriyah@6.0.5": {
      "integrity": "sha512-SrMqQCox7TTwtftWKHy/ZaVe+ZRpRl20pAgDo+PS9hzcAJrMjYsBJQPPiLXTnjztrqdfGS+Zz99r6Bwvydta1w=="
    },
    "zod@3.24.1": {
      "integrity": "sha512-muH7gBL9sI1nciMZV67X5fTKKBLtwpZ5VBp1vsOQzj1MhrBZ4wlVCm3gedKZWLp0Oyel8sIGfeiz54Su+OVT+A=="
    }
  },
  "redirects": {
    "https://esm.sh/@ai-sdk/azure": "https://esm.sh/@ai-sdk/azure@1.0.10",
    "https://esm.sh/@ai-sdk/provider": "https://esm.sh/@ai-sdk/provider@1.0.2",
    "https://esm.sh/@ai-sdk/provider@^1.0.4": "https://esm.sh/@ai-sdk/provider@1.0.5",
    "https://esm.sh/@cxai/stream": "https://esm.sh/@cxai/stream@1.0.6",
    "https://esm.sh/@cxai/stream/ui": "https://esm.sh/@cxai/stream@1.0.2/ui",
    "https://esm.sh/@cxai/stream/ui/": "https://esm.sh/@cxai/stream@1.0.6/ui",
    "https://esm.sh/@cxai/stream/ui/c": "https://esm.sh/@cxai/stream@1.0.6/ui/c",
    "https://esm.sh/@cxai/stream/ui/ch": "https://esm.sh/@cxai/stream@1.0.6/ui/ch",
    "https://esm.sh/@cxai/stream/ui/cha": "https://esm.sh/@cxai/stream@1.0.6/ui/cha",
    "https://esm.sh/@cxai/stream/ui/chat": "https://esm.sh/@cxai/stream@1.0.6/ui/chat",
    "https://esm.sh/@cxai/stream/ui/chat-": "https://esm.sh/@cxai/stream@1.0.6/ui/chat-",
    "https://esm.sh/@cxai/stream/ui/chat-bubble": "https://esm.sh/@cxai/stream@1.0.6/ui/chat-bubble",
    "https://esm.sh/@hocuspocus/common@^2.15.0?target=denonext": "https://esm.sh/@hocuspocus/common@2.15.0?target=denonext",
    "https://esm.sh/@hocuspocus/provider": "https://esm.sh/@hocuspocus/provider@2.15.0",
    "https://esm.sh/@lifeomic/attempt@^3.0.2?target=denonext": "https://esm.sh/@lifeomic/attempt@3.1.0?target=denonext",
    "https://esm.sh/@types/lodash.debounce@~4.0.9/index.d.ts": "https://esm.sh/@types/lodash.debounce@4.0.9/index.d.ts",
    "https://esm.sh/atomico": "https://esm.sh/atomico@1.79.2",
    "https://esm.sh/atomico/ssr/load": "https://esm.sh/atomico@1.79.2/ssr/load",
    "https://esm.sh/deno-http-worker": "https://esm.sh/deno-http-worker@0.0.16",
    "https://esm.sh/it-pushable@^3.2.3": "https://esm.sh/it-pushable@3.2.3",
    "https://esm.sh/lib0@^0.2.85/decoding?target=denonext": "https://esm.sh/lib0@0.2.99/decoding?target=denonext",
    "https://esm.sh/lib0@^0.2.85/encoding?target=denonext": "https://esm.sh/lib0@0.2.99/encoding?target=denonext",
    "https://esm.sh/lib0@^0.2.85/function?target=denonext": "https://esm.sh/lib0@0.2.99/function?target=denonext",
    "https://esm.sh/lib0@^0.2.85/math?target=denonext": "https://esm.sh/lib0@0.2.99/math?target=denonext",
    "https://esm.sh/lib0@^0.2.85/observable?target=denonext": "https://esm.sh/lib0@0.2.99/observable?target=denonext",
    "https://esm.sh/lib0@^0.2.85/time?target=denonext": "https://esm.sh/lib0@0.2.99/time?target=denonext",
    "https://esm.sh/lib0@^0.2.94/decoding?target=denonext": "https://esm.sh/lib0@0.2.99/decoding?target=denonext",
    "https://esm.sh/lib0@^0.2.94/encoding?target=denonext": "https://esm.sh/lib0@0.2.99/encoding?target=denonext",
    "https://esm.sh/lib0@^0.2.98/array?target=denonext": "https://esm.sh/lib0@0.2.99/array?target=denonext",
    "https://esm.sh/lib0@^0.2.98/binary?target=denonext": "https://esm.sh/lib0@0.2.99/binary?target=denonext",
    "https://esm.sh/lib0@^0.2.98/buffer?target=denonext": "https://esm.sh/lib0@0.2.99/buffer?target=denonext",
    "https://esm.sh/lib0@^0.2.98/decoding?target=denonext": "https://esm.sh/lib0@0.2.99/decoding?target=denonext",
    "https://esm.sh/lib0@^0.2.98/encoding?target=denonext": "https://esm.sh/lib0@0.2.99/encoding?target=denonext",
    "https://esm.sh/lib0@^0.2.98/environment?target=denonext": "https://esm.sh/lib0@0.2.99/environment?target=denonext",
    "https://esm.sh/lib0@^0.2.98/error?target=denonext": "https://esm.sh/lib0@0.2.99/error?target=denonext",
    "https://esm.sh/lib0@^0.2.98/function?target=denonext": "https://esm.sh/lib0@0.2.99/function?target=denonext",
    "https://esm.sh/lib0@^0.2.98/iterator?target=denonext": "https://esm.sh/lib0@0.2.99/iterator?target=denonext",
    "https://esm.sh/lib0@^0.2.98/logging?target=denonext": "https://esm.sh/lib0@0.2.99/logging?target=denonext",
    "https://esm.sh/lib0@^0.2.98/map?target=denonext": "https://esm.sh/lib0@0.2.99/map?target=denonext",
    "https://esm.sh/lib0@^0.2.98/math?target=denonext": "https://esm.sh/lib0@0.2.99/math?target=denonext",
    "https://esm.sh/lib0@^0.2.98/object?target=denonext": "https://esm.sh/lib0@0.2.99/object?target=denonext",
    "https://esm.sh/lib0@^0.2.98/observable?target=denonext": "https://esm.sh/lib0@0.2.99/observable?target=denonext",
    "https://esm.sh/lib0@^0.2.98/promise?target=denonext": "https://esm.sh/lib0@0.2.99/promise?target=denonext",
    "https://esm.sh/lib0@^0.2.98/random?target=denonext": "https://esm.sh/lib0@0.2.99/random?target=denonext",
    "https://esm.sh/lib0@^0.2.98/set?target=denonext": "https://esm.sh/lib0@0.2.99/set?target=denonext",
    "https://esm.sh/lib0@^0.2.98/string?target=denonext": "https://esm.sh/lib0@0.2.99/string?target=denonext",
    "https://esm.sh/lib0@^0.2.98/time?target=denonext": "https://esm.sh/lib0@0.2.99/time?target=denonext",
    "https://esm.sh/lib0@^0.2.99/array?target=denonext": "https://esm.sh/lib0@0.2.99/array?target=denonext",
    "https://esm.sh/lib0@^0.2.99/binary?target=denonext": "https://esm.sh/lib0@0.2.99/binary?target=denonext",
    "https://esm.sh/lib0@^0.2.99/buffer?target=denonext": "https://esm.sh/lib0@0.2.99/buffer?target=denonext",
    "https://esm.sh/lib0@^0.2.99/decoding?target=denonext": "https://esm.sh/lib0@0.2.99/decoding?target=denonext",
    "https://esm.sh/lib0@^0.2.99/encoding?target=denonext": "https://esm.sh/lib0@0.2.99/encoding?target=denonext",
    "https://esm.sh/lib0@^0.2.99/environment?target=denonext": "https://esm.sh/lib0@0.2.99/environment?target=denonext",
    "https://esm.sh/lib0@^0.2.99/error?target=denonext": "https://esm.sh/lib0@0.2.99/error?target=denonext",
    "https://esm.sh/lib0@^0.2.99/function?target=denonext": "https://esm.sh/lib0@0.2.99/function?target=denonext",
    "https://esm.sh/lib0@^0.2.99/iterator?target=denonext": "https://esm.sh/lib0@0.2.99/iterator?target=denonext",
    "https://esm.sh/lib0@^0.2.99/logging?target=denonext": "https://esm.sh/lib0@0.2.99/logging?target=denonext",
    "https://esm.sh/lib0@^0.2.99/map?target=denonext": "https://esm.sh/lib0@0.2.99/map?target=denonext",
    "https://esm.sh/lib0@^0.2.99/math?target=denonext": "https://esm.sh/lib0@0.2.99/math?target=denonext",
    "https://esm.sh/lib0@^0.2.99/object?target=denonext": "https://esm.sh/lib0@0.2.99/object?target=denonext",
    "https://esm.sh/lib0@^0.2.99/observable?target=denonext": "https://esm.sh/lib0@0.2.99/observable?target=denonext",
    "https://esm.sh/lib0@^0.2.99/promise?target=denonext": "https://esm.sh/lib0@0.2.99/promise?target=denonext",
    "https://esm.sh/lib0@^0.2.99/random?target=denonext": "https://esm.sh/lib0@0.2.99/random?target=denonext",
    "https://esm.sh/lib0@^0.2.99/set?target=denonext": "https://esm.sh/lib0@0.2.99/set?target=denonext",
    "https://esm.sh/lib0@^0.2.99/string?target=denonext": "https://esm.sh/lib0@0.2.99/string?target=denonext",
    "https://esm.sh/lib0@^0.2.99/time?target=denonext": "https://esm.sh/lib0@0.2.99/time?target=denonext",
    "https://esm.sh/lodash.debounce@^4.0.8?target=denonext": "https://esm.sh/lodash.debounce@4.0.8?target=denonext",
    "https://esm.sh/p-defer@^4.0.0?target=denonext": "https://esm.sh/p-defer@4.0.1?target=denonext",
    "https://esm.sh/xstate": "https://esm.sh/xstate@5.19.2",
    "https://esm.sh/xstate@^5.19.0": "https://esm.sh/xstate@5.19.2",
    "https://esm.sh/y-partykit@^0.0.32": "https://esm.sh/y-partykit@0.0.32",
    "https://esm.sh/y-protocols@^1.0.6/awareness?target=denonext": "https://esm.sh/y-protocols@1.0.6/awareness?target=denonext",
    "https://esm.sh/y-protocols@^1.0.6/sync?target=denonext": "https://esm.sh/y-protocols@1.0.6/sync?target=denonext",
    "https://esm.sh/yjs": "https://esm.sh/yjs@13.6.20",
    "https://esm.sh/yjs?target=denonext": "https://esm.sh/yjs@13.6.23?target=denonext",
    "https://esm.sh/yjs@^13.0.0?target=denonext": "https://esm.sh/yjs@13.6.23?target=denonext",
    "https://esm.sh/yjs@^13.6.16?target=denonext": "https://esm.sh/yjs@13.6.23?target=denonext",
    "https://esm.sh/yjs@^13.6.20": "https://esm.sh/yjs@13.6.23",
    "https://esm.sh/yjs@^13.6.8?target=denonext": "https://esm.sh/yjs@13.6.23?target=denonext",
    "https://esm.sh/zod": "https://esm.sh/zod@3.24.1"
  },
  "remote": {
    "https://esm.sh/@ai-sdk/azure@1.0.10": "28698381e4d49824d26c6cb1c7b092b6a651d77f9d7cbc2fc4e83c0bdf69140d",
    "https://esm.sh/@ai-sdk/provider@1.0.2": "556a306b301f1b8cba2020c4b90376631eb3f1dbbd3ef472597487fdbfb33c13",
    "https://esm.sh/@ai-sdk/provider@1.0.5": "74d19f2cb51c5cbf45a24746e99c2dcb0e4b031cd72c14a85dd729fdcee7f371",
    "https://esm.sh/@ai-sdk/provider@1.0.5/denonext/provider.mjs": "6dc64736e9d971c38d4259ed426f97f647bdfd8bf2d7f6b7c08827e31d8117e5",
    "https://esm.sh/@cxai/stream@1.0.2/ui": "ee3bea4952b4adaa96b1b14b37d228a2f9372e386716b417460ce2a3b43f5968",
    "https://esm.sh/@cxai/stream@1.0.6": "e15e7d02bba65d97c93bff8310611768d3b572c38b7bd8b92f15fb7efe20b0ee",
    "https://esm.sh/@cxai/stream@1.0.6/denonext/dist/few_shot-CIfr2pXB.mjs": "5f23d7c9dd74c79646398aabd8827e07274fc1b6484db7be75dbf024208c4e2a",
    "https://esm.sh/@cxai/stream@1.0.6/denonext/dist/generator-CkkXVbnK.mjs": "a987b576efd002cdb532d52597ee02e5d5100920497469dcc179e7fdf2429013",
    "https://esm.sh/@cxai/stream@1.0.6/denonext/dist/html-DBDl2WhR.mjs": "93726dec11b8696a86b70cf69a8518dd28170d4e81a46c50fbfd323a498c12a2",
    "https://esm.sh/@cxai/stream@1.0.6/denonext/dist/index-8YElVOzp.mjs": "0cd8ea5082ef2a8e6d7d9eb3f9eb9d428713eb70ebb9081a8a45956c1530852e",
    "https://esm.sh/@cxai/stream@1.0.6/denonext/dist/log-2a773d37.esm-DRQYm0Sr.mjs": "6cc8b0aae493470b33ab65523f8f8e046604ed24f619d417d343640df47bb3a2",
    "https://esm.sh/@cxai/stream@1.0.6/denonext/dist/monads-BloitKQ6.mjs": "9f58d767b00d9f9e38c8643b171286fcd9b64f1e27162cb3623e15fd1adc4253",
    "https://esm.sh/@cxai/stream@1.0.6/denonext/dist/sse-CMD-MIHJ.mjs": "e4074f7fdd26e4d87bd9e6456b0af785446f71bfa297225b00e39f09af0f2333",
    "https://esm.sh/@cxai/stream@1.0.6/denonext/dist/svg-DNFONu1o.mjs": "49cbd141e41e01c3af339812da39ec48c67240f7792b943d676e7626db702979",
    "https://esm.sh/@cxai/stream@1.0.6/denonext/dist/ydoc-B5HJqaEL.mjs": "0cefb756b8780638bbef78f3c077d4823b9f53a2a83388ab3773d2bba7b343d0",
    "https://esm.sh/@cxai/stream@1.0.6/denonext/iterator.mjs": "c10d758a548485b495d41caf10720a358c1c546e5d8e8bc5c609fefe55952e3b",
    "https://esm.sh/@cxai/stream@1.0.6/denonext/render.mjs": "fe209acac50718741d7cc4ff2ca61e421df43ce58c6ebfca9ffa1e7dbe779066",
    "https://esm.sh/@cxai/stream@1.0.6/denonext/stream.mjs": "eed49a02a7763d3ab1fc6749d2fbf1eff8b5556acdb195059d161320e93fcdbe",
    "https://esm.sh/@cxai/stream@1.0.6/denonext/ui.mjs": "3a1443a1b3382839a74a0bb17c318c2ec36f38f66a1ab43a3fafb7d4dc5cfb95",
    "https://esm.sh/@cxai/stream@1.0.6/ui": "cf2a04f5275a1be6c8a92a7174144f4e0152504a7c95f1b296ea928693270900",
    "https://esm.sh/@cxai/stream@1.0.8": "7a983386e8283c57a10d66da9892590dbfc1419cb2fd6acb8a74c01d02b2289f",
    "https://esm.sh/@cxai/stream@1.0.8/denonext/dist/few_shot-Ruynm7uf.mjs": "547f5dc40160b58f9eabf73e938ef82af69f2c1349c6252cac4c43b09e9275ec",
    "https://esm.sh/@cxai/stream@1.0.8/denonext/dist/generator-CkkXVbnK.mjs": "fe68935d6c680fb40580aba4db153417b0a386ed6afa38aea32e7661e8f5e177",
    "https://esm.sh/@cxai/stream@1.0.8/denonext/dist/index-8YElVOzp.mjs": "8e504e0e277bb4055a672d57dd47b429f3852992897cd91a993f06a11b1e4a38",
    "https://esm.sh/@cxai/stream@1.0.8/denonext/dist/log-2a773d37.esm-DRQYm0Sr.mjs": "8c58da7aaf1cafcd7c7c15cb6f34fa4a9779042b7d82c92de77c3fe0ceb7239b",
    "https://esm.sh/@cxai/stream@1.0.8/denonext/dist/monads-BloitKQ6.mjs": "4f862281be693554f7b998cf85714ce442d27485172dca8f9a8deb11720663b5",
    "https://esm.sh/@cxai/stream@1.0.8/denonext/dist/sse-CMD-MIHJ.mjs": "3de057abdd33e8ae19d70363211659089c28b3dd10f313a8047d87f311ae7713",
    "https://esm.sh/@cxai/stream@1.0.8/denonext/dist/ydoc-B5HJqaEL.mjs": "908613e161581f9d001777a282c9a20054dd091f995558e687b54a5b28f20653",
    "https://esm.sh/@cxai/stream@1.0.8/denonext/iterator.mjs": "c0b8605795903ac80327597150d6437673317c5051d338aa104c8df205091bd5",
    "https://esm.sh/@cxai/stream@1.0.8/denonext/stream.mjs": "ed00a544dae089e70c8f215a115502e422ae971a80b878999e3eb6d0d826ed13",
    "https://esm.sh/@hocuspocus/common@2.15.0/denonext/common.mjs": "8236979dedfb33ee30000f4b38004bbb91163c66b493f4746b56b4dc801da041",
    "https://esm.sh/@hocuspocus/common@2.15.0?target=denonext": "ad2975e8c42df8dba23a02beed91ba47ef6b706557a44943c7b78bfe6eace514",
    "https://esm.sh/@hocuspocus/provider@2.15.0": "74516f005e91c9c3e1fb498e315f61203076da391c65b1758ac47452cde4e448",
    "https://esm.sh/@hocuspocus/provider@2.15.0/denonext/provider.mjs": "7a741884ccb12e17a0222b6ac36101e8dfea43da038f5829d88665a11be4d226",
    "https://esm.sh/@lifeomic/attempt@3.1.0/denonext/attempt.mjs": "ed3651cd8faa35b2f84046383db845b20990aaf35411aca281c3b4958e49232a",
    "https://esm.sh/@lifeomic/attempt@3.1.0?target=denonext": "f73953d6eb440803408b27c9f4632957d40a8b2534cf293bb40a11e397f2260a",
    "https://esm.sh/atomico@1.79.2": "ee8c24006621eaca4873390e75002af15dd13f94597918c3ef5533db6a78c808",
    "https://esm.sh/atomico@1.79.2/ssr/load": "4b31cae81532fecaf69e870b69757680d2741e581d92a3bcea3975990015acc7",
    "https://esm.sh/deno-http-worker@0.0.16": "a69c17e3228fbf362ac21f8860a5b6e168ef5b3704b71cf41049f235ac216f57",
    "https://esm.sh/deno-http-worker@0.0.16/denonext/deno-http-worker.mjs": "e65ad6538c9d099a8fa9223b1ae49e06c3d6eeab9e6cea8bcd2abcca59970be5",
    "https://esm.sh/it-pushable@3.2.3": "ce0b99417093d797ea458a09713b74ba34680da81f0a5f59871112590ce830ba",
    "https://esm.sh/it-pushable@3.2.3/denonext/it-pushable.mjs": "905590652a6247bfda99878511e589f91daf289d7906ac41c8c9f7e4a5add1d5",
    "https://esm.sh/json-schema@0.4.0": "21a68e4e83b0441c3a90fa051c6b7c42d29926e4ff429745eebec153ac53cd7a",
    "https://esm.sh/json-schema@0.4.0/denonext/json-schema.mjs": "95225c6fc709935fca00cfc112f2ab043d204f7bd07a8aaec75b1b5f24ca8bf6",
    "https://esm.sh/lib0@0.2.99/array?target=denonext": "2543efdc3ddbdcd928532cae5b439c82d82e105ac3bba824029f0286d650d76e",
    "https://esm.sh/lib0@0.2.99/binary?target=denonext": "d002063186dcd2c56c65d90bccaf85529a3ba40783a00d2fc1819530cd16fa16",
    "https://esm.sh/lib0@0.2.99/buffer?target=denonext": "9dc5287137fa4083e73046d7ac835aff72cf1817715cade88ac2e9ee09cdab56",
    "https://esm.sh/lib0@0.2.99/decoding?target=denonext": "b80ed4508219ae028b0a0d224553366672e4106b115e97125530bfafdda5bf1a",
    "https://esm.sh/lib0@0.2.99/denonext/array.mjs": "d355b40c3566dc70622c60bceec9bcfc5f733f9a73d785d6928b1a3261e4b94c",
    "https://esm.sh/lib0@0.2.99/denonext/binary.mjs": "fa3a3134b70a1e887620117ae7bcfeda2c56e69b7d75c8eea95921bccb8d2e38",
    "https://esm.sh/lib0@0.2.99/denonext/buffer.mjs": "e5951f8ddd7c4a6ff488ba6c2b82770e5cb6e5d692d96322f70e32686adaea17",
    "https://esm.sh/lib0@0.2.99/denonext/conditions.mjs": "85aab470872c5ddacfe1edcff6ffc810bcb84029c0065176bcba5c2ae88e079a",
    "https://esm.sh/lib0@0.2.99/denonext/decoding.mjs": "978c6cf3fb9063aeef90f8846bbe3679f1c9e2c83730d979aced2f2c317e5003",
    "https://esm.sh/lib0@0.2.99/denonext/encoding.mjs": "a78346127826dd3a1d52c36b431641915793b51a2d43ce84dd71ac15d2b06433",
    "https://esm.sh/lib0@0.2.99/denonext/environment.mjs": "fc502e64edd7771c880b5f10858d1303ee9aa8cfdf9c4100d20a9c521677799e",
    "https://esm.sh/lib0@0.2.99/denonext/error.mjs": "580593adc853add17832856a5f3f5d145a94c99c7dec66b56c2b03381ef684d5",
    "https://esm.sh/lib0@0.2.99/denonext/function.mjs": "33cb0a51804774f3152dc76fe575d3704ae3670d280028034f4dbd85fb93d4dd",
    "https://esm.sh/lib0@0.2.99/denonext/iterator.mjs": "d6442340251492f98d3d642c1ec4613e4d20522363c0602d3eabf231cc5c568c",
    "https://esm.sh/lib0@0.2.99/denonext/json.mjs": "99e27ed6bd2ac77a81f958312fa1d26589c4ea1edc918f001809825ca78c3a65",
    "https://esm.sh/lib0@0.2.99/denonext/logging.mjs": "776dd62c93f20ce526576cdd8ea559756f3d1b42bfd2e66fc1bff619a325e149",
    "https://esm.sh/lib0@0.2.99/denonext/map.mjs": "b45b091733ef169ed9d0d349182d2e171825fd082a3c322ba2abad503bed036a",
    "https://esm.sh/lib0@0.2.99/denonext/math.mjs": "3ee9ebe1bbb8826188bc3929d4a25a5a0b31b3ccf456fe5b93b79451a61716de",
    "https://esm.sh/lib0@0.2.99/denonext/metric.mjs": "4d390f16eb1804a31badd864dbe8d2340b22ce37d7ef8e9e52d774a348c062fb",
    "https://esm.sh/lib0@0.2.99/denonext/number.mjs": "d79a9771cb5f9e78b506985c98783ce0c2b981e159dc3f8f2a6529e940cd4128",
    "https://esm.sh/lib0@0.2.99/denonext/object.mjs": "4386c8b5815f94b3a51a2ec8aef06c3f93fda363b4d269ee92641e08675eda26",
    "https://esm.sh/lib0@0.2.99/denonext/observable.mjs": "a8dd2c5961b49b12250b97642d279a69ad25a2505d8332c0648638dd3bb070b2",
    "https://esm.sh/lib0@0.2.99/denonext/promise.mjs": "a94a43f598d7f5935b8d39510f6c5ea90f39f7f1d21b452f71704107bca8530f",
    "https://esm.sh/lib0@0.2.99/denonext/random.mjs": "cdfb9ec275cafd3933e2b51b8fa063cb81bc5af707f0b054a43cfb8ff8065b65",
    "https://esm.sh/lib0@0.2.99/denonext/set.mjs": "49fa143d7b86b735d0343fb0dbac58635e5963dff6d912537fbea55a508e6555",
    "https://esm.sh/lib0@0.2.99/denonext/storage.mjs": "75b86d0013c2333853a06b344fa47b3213f85a76c6eabf2accc64323ba782a13",
    "https://esm.sh/lib0@0.2.99/denonext/string.mjs": "71652c56b1059976ddb0b729ea91253d9a81cd647b957ec0f245c95f3589ec6a",
    "https://esm.sh/lib0@0.2.99/denonext/symbol.mjs": "aaa191d15028ef52a13ce905aeee069aa3d1680bb28df84c07ff5d9d9354ee6c",
    "https://esm.sh/lib0@0.2.99/denonext/time.mjs": "2225f87117393578a980e3beac7cd69472c27ff6ce65d7b771f67b76e12e8274",
    "https://esm.sh/lib0@0.2.99/denonext/webcrypto.mjs": "ae88a540284c8601b0e28503089a7925ee89eec111c0384c6be3e4de6a2c13b0",
    "https://esm.sh/lib0@0.2.99/encoding?target=denonext": "aed432b0d8d30e14bdff55a38f00607d4332779733e038cd7c894900bf88d054",
    "https://esm.sh/lib0@0.2.99/environment?target=denonext": "81d8619662916f82ba2b28246f36b158748979c2480f4dd89cf8e79ee55103c4",
    "https://esm.sh/lib0@0.2.99/error?target=denonext": "5a121a11b2ea265ad334814dbbb82cd77f674377656fdac3fdff12d8a7a78792",
    "https://esm.sh/lib0@0.2.99/es2022/math.mjs": "3ee9ebe1bbb8826188bc3929d4a25a5a0b31b3ccf456fe5b93b79451a61716de",
    "https://esm.sh/lib0@0.2.99/es2022/metric.mjs": "4d390f16eb1804a31badd864dbe8d2340b22ce37d7ef8e9e52d774a348c062fb",
    "https://esm.sh/lib0@0.2.99/es2022/time.mjs": "2225f87117393578a980e3beac7cd69472c27ff6ce65d7b771f67b76e12e8274",
    "https://esm.sh/lib0@0.2.99/function?target=denonext": "d215b74d9bf58dbeff943c573cba4c86c0562d801913e51583edc5802245ce5c",
    "https://esm.sh/lib0@0.2.99/iterator?target=denonext": "554013a8f9062c3cceebba92ec99570fdfa2062520bd4457c1a39eb5c5ab9ce3",
    "https://esm.sh/lib0@0.2.99/logging?target=denonext": "3093065e9214d1d09eba203b1d2e145b8ec3cc89123f6a0428e9d86352467f6e",
    "https://esm.sh/lib0@0.2.99/map?target=denonext": "4f831c787b133cd53e671a6acdb69776c995e39c2c4d49aaf8e7b8614025b60a",
    "https://esm.sh/lib0@0.2.99/math?target=denonext": "84b376f60ef5d72ff24319dd2a338e6762aca167cadf496ac088d5d5de48b4e8",
    "https://esm.sh/lib0@0.2.99/object?target=denonext": "193965a30f25d57db5d530c0fb96e38673e7db4d8a3bd95eb0e76c2776e61121",
    "https://esm.sh/lib0@0.2.99/observable?target=denonext": "ed1a44c833f943a5e65d3c43c1ffb0c21960012b5f36f71e186dd488e19718db",
    "https://esm.sh/lib0@0.2.99/promise?target=denonext": "1167632627689c6ba37dce772b7c0fe5369b2112c8f7372fce6aa45e9ed95a36",
    "https://esm.sh/lib0@0.2.99/random?target=denonext": "7283e7c4204360ed408a41eea441f48063e535bf0abcc73a8807acfbbb9373c1",
    "https://esm.sh/lib0@0.2.99/set?target=denonext": "3aba943dcfa0e6f2e95776d3707c42e0737f32380218163c7984a6ecdcfd21fe",
    "https://esm.sh/lib0@0.2.99/string?target=denonext": "0a921a4a69671584e7a824c862ccd79afc95d681b211de5832a37aa26f7ef677",
    "https://esm.sh/lib0@0.2.99/time?target=denonext": "08732e2ba4fbd5268d1293a46fde45b91564642a4bdca7c48ab2975717aa3295",
    "https://esm.sh/lib0@0.2.99/time?target=es2022": "0865ddfd3f2ab48515df27d5f83a6e56e8e2e85f9187c3cf8213a95e229016c7",
    "https://esm.sh/lodash.debounce@4.0.8/denonext/lodash.debounce.mjs": "5f692893f9b37c427942f342dc90e9b7678c1106c57c30c1c0908ebc71687339",
    "https://esm.sh/lodash.debounce@4.0.8?target=denonext": "58eae002630ac99f951756ee2a6d774323ebc91c8d3913c0d018797c2daa8f17",
    "https://esm.sh/p-defer@4.0.1/denonext/p-defer.mjs": "00faef18b96070b07ecc4f181f6924f46e956ecdb4a8f39689b2ee8d7d25ddbb",
    "https://esm.sh/p-defer@4.0.1?target=denonext": "27b0bbdf8ef66fe6bf8c8ee8c1eedb3ebba79b8fc6e38c4410f517ca19b70ecf",
    "https://esm.sh/v135/@ai-sdk/azure@1.0.10/denonext/azure.mjs": "6ed09f4c00746ffc12d089ccd95dec551d7ae500f46f982479655abc4c395826",
    "https://esm.sh/v135/@ai-sdk/openai@1.0.8/denonext/internal.js": "9b71d3f755264737df419cc217eb67c0ceb08c683063906cf08dbc1f3a562b56",
    "https://esm.sh/v135/@ai-sdk/provider-utils@2.0.4/denonext/provider-utils.mjs": "5dfbbbd7d0d0c2e1b0167d4dd1602c48bf90341e11a13f0cafb46d7c837064e3",
    "https://esm.sh/v135/@ai-sdk/provider@1.0.2/denonext/provider.mjs": "f28ae7091dcc4d6772659ff831493c8c6f608fdf8deb55a2c4e2ea01ae402bfd",
    "https://esm.sh/v135/@cxai/stream@1.0.2/denonext/ui.js": "e1a801cfd483cc5fca8b606e445c48850fd9172c20e46e45c3897d880dfedb80",
    "https://esm.sh/v135/atomico@1.79.2/denonext/atomico.mjs": "1f4df8d14767c143293d5804d5dea632469cb8795ed150da204a13bdddd2e1eb",
    "https://esm.sh/v135/atomico@1.79.2/denonext/html.js": "49eb7bcdf325b0879590b0903468e3d040d62b78385a7a643e635bff0ecaabd8",
    "https://esm.sh/v135/atomico@1.79.2/denonext/ssr/load.js": "9bfdaa9cfbd521fb4df3cef9c6f86852a428fa66f6b11612155194b7a0aa6346",
    "https://esm.sh/v135/eventsource-parser@3.0.0/denonext/eventsource-parser.mjs": "167040e14b9937720ef1c18d30308ec00c92783aef7e9a99ebabda594db4638e",
    "https://esm.sh/v135/eventsource-parser@3.0.0/denonext/stream.js": "b4f7c77308fb6822309599b11a790371fa5ef70625a9dbd474531ee5773f1408",
    "https://esm.sh/v135/nanoid@3.3.8/denonext/non-secure.js": "f7ef5e757bba6180b197c96d3d5a838cc61f68cf9346df179baf353369c2b59c",
    "https://esm.sh/v135/secure-json-parse@2.7.0/denonext/secure-json-parse.mjs": "cd258440087dff76afef957896292c2acd7e50c8cb5794459792181a500295a3",
    "https://esm.sh/v135/zod@3.24.1/denonext/zod.mjs": "267cf807d908327192aa402850ce2cf1c199c02b097f4c521272a42538dad53a",
    "https://esm.sh/xstate@5.19.2": "0df0888a0ef3a3a2dddac50e2a8b68fe993d537372bbf2501278826e3e629f76",
    "https://esm.sh/xstate@5.19.2/denonext/actors.mjs": "d6388f073d781d1334ef6875f5b1217a76ed0b64d745780e1c5b3495d1a6a7f7",
    "https://esm.sh/xstate@5.19.2/denonext/dev.mjs": "d43fe5e9f7849ded4e8d95b577e9faf47d5c6247ba556d841685f0d5c5ff25e2",
    "https://esm.sh/xstate@5.19.2/denonext/dist/log-3d9d72a9.esm.mjs": "df0c92409c21e0ca6fcb093d409aeb5e944a91530d2509b7bcdba68fa75d71c6",
    "https://esm.sh/xstate@5.19.2/denonext/dist/raise-c17ec2bc.esm.mjs": "2589837cf0f9fa1222b7ff4e2976797f68dc7813835be71796da970730fcbca9",
    "https://esm.sh/xstate@5.19.2/denonext/xstate.mjs": "3adc286cfc6d91d45c1ec200c00332ed70c13542685035085b58e5d606de2d0a",
    "https://esm.sh/y-partykit@0.0.32": "fb195f8e3245cd34329183fec7984321580ad45b15534ce5e69a813b7e2c4c89",
    "https://esm.sh/y-partykit@0.0.32/denonext/dist/chunk-2H6M6QIA.mjs": "7bb90a7120e091c335d2f6d060a64461c9c10182b6fb2b2e1a59037e7cbf909c",
    "https://esm.sh/y-partykit@0.0.32/denonext/dist/chunk-YNZY542Q.mjs": "cc83ca41ac13440f311e179b872254f1dd3e7c843f86c3f57efcc46b517c94c8",
    "https://esm.sh/y-partykit@0.0.32/denonext/y-partykit.mjs": "ca91aacf393bd00a04bba055772e985b1f9578c1495cd8b826c62a6bd1ead114",
    "https://esm.sh/y-protocols@1.0.6/awareness?target=denonext": "575e435ce41bf011bde1073b9a27ba198313ff73820f678f9dbbeb2c638e117f",
    "https://esm.sh/y-protocols@1.0.6/denonext/awareness.mjs": "8fafb4b78c92aa9deffa6a8ea496018229901cb64efb42c306b003dc1ffba6d9",
    "https://esm.sh/y-protocols@1.0.6/denonext/sync.mjs": "d894a278799fd73fb0e67d9ada7637cb89970de23c9dcdb1b9bbfe00f1823782",
    "https://esm.sh/y-protocols@1.0.6/sync?target=denonext": "f5294f0919d1df1a0cef2bc956b82f5c4be8cb4d165865f892162ebcc9527c9c",
    "https://esm.sh/yjs@13.6.20": "7e1f1ee7ceff893c98fc52aa7b3e97f76316fb2c95cae4101452e2c02849e8c1",
    "https://esm.sh/yjs@13.6.20/denonext/yjs.mjs": "ae1fc3ded0aa502dd9a73071a1e064471626d50486338eb1829a7d49d72dc95e",
    "https://esm.sh/yjs@13.6.23": "1be54457fe79ab8f87594b15440dc4c63204ccb3e7f48e8ba156f230a993aa80",
    "https://esm.sh/yjs@13.6.23/denonext/yjs.mjs": "a157897889064dfb3f55da5949902319ab89591737f11a272b57b1551d0d2616",
    "https://esm.sh/yjs@13.6.23?target=denonext": "1be54457fe79ab8f87594b15440dc4c63204ccb3e7f48e8ba156f230a993aa80",
    "https://esm.sh/zod@3.24.1": "c6bc4bbea04826432b2b4e66b77316c0fa90d1132e879dd0193c90f9114436c4"
  },
  "workspace": {
    "dependencies": [
      "jsr:@std/assert@1",
      "jsr:@vento/vento@^1.12.15",
      "npm:deno-http-worker@^0.0.16",
      "npm:zod@^3.24.1"
    ]
  }
}
